{
  "name": "oidc-tools",
  "version": "0.1.0",
  "lockfileVersion": 2,
  "requires": true,
  "packages": {
    "": {
      "name": "oidc-tools",
      "version": "0.1.0",
      "license": "MIT",
      "dependencies": {
        "jose": "^4.6.1"
      }
    },
    "node_modules/jose": {
      "version": "4.6.1",
      "resolved": "https://a0us.jfrog.io/a0us/api/npm/npm/jose/-/jose-4.6.1.tgz",
      "integrity": "sha512-EFnufEivlIB6j7+JwaenYQzdUDs/McajDr9WnhT6EI0WxbexnfuZimpWX1GnobF6OnQsUFmWFXUXdWyZHWdQow==",
      "license": "MIT",
      "funding": {
        "url": "https://github.com/sponsors/panva"
      }
    }
  },
  "dependencies": {
    "jose": {
      "version": "4.6.1",
      "resolved": "https://a0us.jfrog.io/a0us/api/npm/npm/jose/-/jose-4.6.1.tgz",
      "integrity": "sha512-EFnufEivlIB6j7+JwaenYQzdUDs/McajDr9WnhT6EI0WxbexnfuZimpWX1GnobF6OnQsUFmWFXUXdWyZHWdQow=="
    }
  }
}
